// !$*UTF8*$!
{
	archiveVersion = 1;
	classes = {
	};
	objectVersion = 50;
	objects = {

/* Begin PBXBuildFile section */
		BE51759B2111C65500B94392 /* AppDelegate.swift in Sources */ = {isa = PBXBuildFile; fileRef = BE51759A2111C65500B94392 /* AppDelegate.swift */; };
		BE5175A02111C65500B94392 /* Main.storyboard in Resources */ = {isa = PBXBuildFile; fileRef = BE51759E2111C65500B94392 /* Main.storyboard */; };
		BE5175A22111C65600B94392 /* Assets.xcassets in Resources */ = {isa = PBXBuildFile; fileRef = BE5175A12111C65600B94392 /* Assets.xcassets */; };
		BE5175A52111C65600B94392 /* LaunchScreen.storyboard in Resources */ = {isa = PBXBuildFile; fileRef = BE5175A32111C65600B94392 /* LaunchScreen.storyboard */; };
		BE5175AD2111C6A000B94392 /* CTTabBarVC.swift in Sources */ = {isa = PBXBuildFile; fileRef = BE5175AC2111C6A000B94392 /* CTTabBarVC.swift */; };
		BE5175B02111C9FC00B94392 /* CTOneVC.swift in Sources */ = {isa = PBXBuildFile; fileRef = BE5175AF2111C9FC00B94392 /* CTOneVC.swift */; };
		BE5175B22111CA0A00B94392 /* CTTwoVC.swift in Sources */ = {isa = PBXBuildFile; fileRef = BE5175B12111CA0A00B94392 /* CTTwoVC.swift */; };
		BE5175B42111CA2200B94392 /* CTThreeVC.swift in Sources */ = {isa = PBXBuildFile; fileRef = BE5175B32111CA2200B94392 /* CTThreeVC.swift */; };
		BE5175B62111CA3900B94392 /* CTFourVC.swift in Sources */ = {isa = PBXBuildFile; fileRef = BE5175B52111CA3900B94392 /* CTFourVC.swift */; };
/* End PBXBuildFile section */

/* Begin PBXFileReference section */
		BE5175972111C65500B94392 /* CustomTabBar.app */ = {isa = PBXFileReference; explicitFileType = wrapper.application; includeInIndex = 0; path = CustomTabBar.app; sourceTree = BUILT_PRODUCTS_DIR; };
		BE51759A2111C65500B94392 /* AppDelegate.swift */ = {isa = PBXFileReference; lastKnownFileType = sourcecode.swift; path = AppDelegate.swift; sourceTree = "<group>"; };
		BE51759F2111C65500B94392 /* Base */ = {isa = PBXFileReference; lastKnownFileType = file.storyboard; name = Base; path = Base.lproj/Main.storyboard; sourceTree = "<group>"; };
		BE5175A12111C65600B94392 /* Assets.xcassets */ = {isa = PBXFileReference; lastKnownFileType = folder.assetcatalog; path = Assets.xcassets; sourceTree = "<group>"; };
		BE5175A42111C65600B94392 /* Base */ = {isa = PBXFileReference; lastKnownFileType = file.storyboard; name = Base; path = Base.lproj/LaunchScreen.storyboard; sourceTree = "<group>"; };
		BE5175A62111C65600B94392 /* Info.plist */ = {isa = PBXFileReference; lastKnownFileType = text.plist.xml; path = Info.plist; sourceTree = "<group>"; };
		BE5175AC2111C6A000B94392 /* CTTabBarVC.swift */ = {isa = PBXFileReference; fileEncoding = 4; lastKnownFileType = sourcecode.swift; path = CTTabBarVC.swift; sourceTree = "<group>"; };
		BE5175AF2111C9FC00B94392 /* CTOneVC.swift */ = {isa = PBXFileReference; lastKnownFileType = sourcecode.swift; path = CTOneVC.swift; sourceTree = "<group>"; };
		BE5175B12111CA0A00B94392 /* CTTwoVC.swift */ = {isa = PBXFileReference; lastKnownFileType = sourcecode.swift; path = CTTwoVC.swift; sourceTree = "<group>"; };
		BE5175B32111CA2200B94392 /* CTThreeVC.swift */ = {isa = PBXFileReference; lastKnownFileType = sourcecode.swift; path = CTThreeVC.swift; sourceTree = "<group>"; };
		BE5175B52111CA3900B94392 /* CTFourVC.swift */ = {isa = PBXFileReference; lastKnownFileType = sourcecode.swift; path = CTFourVC.swift; sourceTree = "<group>"; };
/* End PBXFileReference section */

/* Begin PBXFrameworksBuildPhase section */
		BE5175942111C65500B94392 /* Frameworks */ = {
			isa = PBXFrameworksBuildPhase;
			buildActionMask = 2147483647;
			files = (
			);
			runOnlyForDeploymentPostprocessing = 0;
		};
/* End PBXFrameworksBuildPhase section */

/* Begin PBXGroup section */
		BE51758E2111C65500B94392 = {
			isa = PBXGroup;
			children = (
				BE5175992111C65500B94392 /* CustomTabBar */,
				BE5175982111C65500B94392 /* Products */,
			);
			sourceTree = "<group>";
		};
		BE5175982111C65500B94392 /* Products */ = {
			isa = PBXGroup;
			children = (
				BE5175972111C65500B94392 /* CustomTabBar.app */,
			);
			name = Products;
			sourceTree = "<group>";
		};
		BE5175992111C65500B94392 /* CustomTabBar */ = {
			isa = PBXGroup;
			children = (
				BE5175AE2111C9D500B94392 /* Controllers */,
				BE51759A2111C65500B94392 /* AppDelegate.swift */,
				BE5175AC2111C6A000B94392 /* CTTabBarVC.swift */,
				BE51759E2111C65500B94392 /* Main.storyboard */,
				BE5175A12111C65600B94392 /* Assets.xcassets */,
				BE5175A32111C65600B94392 /* LaunchScreen.storyboard */,
				BE5175A62111C65600B94392 /* Info.plist */,
			);
			path = CustomTabBar;
			sourceTree = "<group>";
		};
		BE5175AE2111C9D500B94392 /* Controllers */ = {
			isa = PBXGroup;
			children = (
				BE5175AF2111C9FC00B94392 /* CTOneVC.swift */,
				BE5175B12111CA0A00B94392 /* CTTwoVC.swift */,
				BE5175B32111CA2200B94392 /* CTThreeVC.swift */,
				BE5175B52111CA3900B94392 /* CTFourVC.swift */,
			);
			path = Controllers;
			sourceTree = "<group>";
		};
/* End PBXGroup section */

/* Begin PBXNativeTarget section */
		BE5175962111C65500B94392 /* CustomTabBar */ = {
			isa = PBXNativeTarget;
			buildConfigurationList = BE5175A92111C65600B94392 /* Build configuration list for PBXNativeTarget "CustomTabBar" */;
			buildPhases = (
				BE5175932111C65500B94392 /* Sources */,
				BE5175942111C65500B94392 /* Frameworks */,
				BE5175952111C65500B94392 /* Resources */,
			);
			buildRules = (
			);
			dependencies = (
			);
			name = CustomTabBar;
			productName = CustomTabBar;
			productReference = BE5175972111C65500B94392 /* CustomTabBar.app */;
			productType = "com.apple.product-type.application";
		};
/* End PBXNativeTarget section */

/* Begin PBXProject section */
		BE51758F2111C65500B94392 /* Project object */ = {
			isa = PBXProject;
			attributes = {
				LastSwiftUpdateCheck = 0930;
				LastUpgradeCheck = 0930;
				ORGANIZATIONNAME = "Nivedita Gupta";
				TargetAttributes = {
					BE5175962111C65500B94392 = {
						CreatedOnToolsVersion = 9.3;
					};
				};
			};
			buildConfigurationList = BE5175922111C65500B94392 /* Build configuration list for PBXProject "CustomTabBar" */;
			compatibilityVersion = "Xcode 9.3";
			developmentRegion = en;
			hasScannedForEncodings = 0;
			knownRegions = (
				en,
				Base,
			);
			mainGroup = BE51758E2111C65500B94392;
			productRefGroup = BE5175982111C65500B94392 /* Products */;
			projectDirPath = "";
			projectRoot = "";
			targets = (
				BE5175962111C65500B94392 /* CustomTabBar */,
			);
		};
/* End PBXProject section */

/* Begin PBXResourcesBuildPhase section */
		BE5175952111C65500B94392 /* Resources */ = {
			isa = PBXResourcesBuildPhase;
			buildActionMask = 2147483647;
			files = (
				BE5175A52111C65600B94392 /* LaunchScreen.storyboard in Resources */,
				BE5175A22111C65600B94392 /* Assets.xcassets in Resources */,
				BE5175A02111C65500B94392 /* Main.storyboard in Resources */,
			);
			runOnlyForDeploymentPostprocessing = 0;
		};
/* End PBXResourcesBuildPhase section */

/* Begin PBXSourcesBuildPhase section */
		BE5175932111C65500B94392 /* Sources */ = {
			isa = PBXSourcesBuildPhase;
			buildActionMask = 2147483647;
			files = (
				BE5175B02111C9FC00B94392 /* CTOneVC.swift in Sources */,
				BE51759B2111C65500B94392 /* AppDelegate.swift in Sources */,
				BE5175B22111CA0A00B94392 /* CTTwoVC.swift in Sources */,
				BE5175B62111CA3900B94392 /* CTFourVC.swift in Sources */,
				BE5175AD2111C6A000B94392 /* CTTabBarVC.swift in Sources */,
				BE5175B42111CA2200B94392 /* CTThreeVC.swift in Sources */,
			);
			runOnlyForDeploymentPostprocessing = 0;
		};
/* End PBXSourcesBuildPhase section */

/* Begin PBXVariantGroup section */
		BE51759E2111C65500B94392 /* Main.storyboard */ = {
			isa = PBXVariantGroup;
			children = (
				BE51759F2111C65500B94392 /* Base */,
			);
			name = Main.storyboard;
			sourceTree = "<group>";
		};
		BE5175A32111C65600B94392 /* LaunchScreen.storyboard */ = {
			isa = PBXVariantGroup;
			children = (
				BE5175A42111C65600B94392 /* Base */,
			);
			name = LaunchScreen.storyboard;
			sourceTree = "<group>";
		};
/* End PBXVariantGroup section */

/* Begin XCBuildConfiguration section */
		BE5175A72111C65600B94392 /* Debug */ = {
			isa = XCBuildConfiguration;
			buildSettings = {
				ALWAYS_SEARCH_USER_PATHS = NO;
				CLANG_ANALYZER_NONNULL = YES;
				CLANG_ANALYZER_NUMBER_OBJECT_CONVERSION = YES_AGGRESSIVE;
				CLANG_CXX_LANGUAGE_STANDARD = "gnu++14";
				CLANG_CXX_LIBRARY = "libc++";
				CLANG_ENABLE_MODULES = YES;
				CLANG_ENABLE_OBJC_ARC = YES;
				CLANG_ENABLE_OBJC_WEAK = YES;
				CLANG_WARN_BLOCK_CAPTURE_AUTORELEASING = YES;
				CLANG_WARN_BOOL_CONVERSION = YES;
				CLANG_WARN_COMMA = YES;
				CLANG_WARN_CONSTANT_CONVERSION = YES;
				CLANG_WARN_DEPRECATED_OBJC_IMPLEMENTATIONS = YES;
				CLANG_WARN_DIRECT_OBJC_ISA_USAGE = YES_ERROR;
				CLANG_WARN_DOCUMENTATION_COMMENTS = YES;
				CLANG_WARN_EMPTY_BODY = YES;
				CLANG_WARN_ENUM_CONVERSION = YES;
				CLANG_WARN_INFINITE_RECURSION = YES;
				CLANG_WARN_INT_CONVERSION = YES;
				CLANG_WARN_NON_LITERAL_NULL_CONVERSION = YES;
				CLANG_WARN_OBJC_IMPLICIT_RETAIN_SELF = YES;
				CLANG_WARN_OBJC_LITERAL_CONVERSION = YES;
				CLANG_WARN_OBJC_ROOT_CLASS = YES_ERROR;
				CLANG_WARN_RANGE_LOOP_ANALYSIS = YES;
				CLANG_WARN_STRICT_PROTOTYPES = YES;
				CLANG_WARN_SUSPICIOUS_MOVE = YES;
				CLANG_WARN_UNGUARDED_AVAILABILITY = YES_AGGRESSIVE;
				CLANG_WARN_UNREACHABLE_CODE = YES;
				CLANG_WARN__DUPLICATE_METHOD_MATCH = YES;
				CODE_SIGN_IDENTITY = "iPhone Developer";
				COPY_PHASE_STRIP = NO;
				DEBUG_INFORMATION_FORMAT = dwarf;
				ENABLE_STRICT_OBJC_MSGSEND = YES;
				ENABLE_TESTABILITY = YES;
				GCC_C_LANGUAGE_STANDARD = gnu11;
				GCC_DYNAMIC_NO_PIC = NO;
				GCC_NO_COMMON_BLOCKS = YES;
				GCC_OPTIMIZATION_LEVEL = 0;
				GCC_PREPROCESSOR_DEFINITIONS = (
					"DEBUG=1",
					"$(inherited)",
				);
				GCC_WARN_64_TO_32_BIT_CONVERSION = YES;
				GCC_WARN_ABOUT_RETURN_TYPE = YES_ERROR;
				GCC_WARN_UNDECLARED_SELECTOR = YES;
				GCC_WARN_UNINITIALIZED_AUTOS = YES_AGGRESSIVE;
				GCC_WARN_UNUSED_FUNCTION = YES;
				GCC_WARN_UNUSED_VARIABLE = YES;
				IPHONEOS_DEPLOYMENT_TARGET = 11.3;
				MTL_ENABLE_DEBUG_INFO = YES;
				ONLY_ACTIVE_ARCH = YES;
				SDKROOT = iphoneos;
				SWIFT_ACTIVE_COMPILATION_CONDITIONS = DEBUG;
				SWIFT_OPTIMIZATION_LEVEL = "-Onone";
			};
			name = Debug;
		};
		BE5175A82111C65600B94392 /* Release */ = {
			isa = XCBuildConfiguration;
			buildSettings = {
				ALWAYS_SEARCH_USER_PATHS = NO;
				CLANG_ANALYZER_NONNULL = YES;
				CLANG_ANALYZER_NUMBER_OBJECT_CONVERSION = YES_AGGRESSIVE;
				CLANG_CXX_LANGUAGE_STANDARD = "gnu++14";
				CLANG_CXX_LIBRARY = "libc++";
				CLANG_ENABLE_MODULES = YES;
				CLANG_ENABLE_OBJC_ARC = YES;
				CLANG_ENABLE_OBJC_WEAK = YES;
				CLANG_WARN_BLOCK_CAPTURE_AUTORELEASING = YES;
				CLANG_WARN_BOOL_CONVERSION = YES;
				CLANG_WARN_COMMA = YES;
				CLANG_WARN_CONSTANT_CONVERSION = YES;
				CLANG_WARN_DEPRECATED_OBJC_IMPLEMENTATIONS = YES;
				CLANG_WARN_DIRECT_OBJC_ISA_USAGE = YES_ERROR;
				CLANG_WARN_DOCUMENTATION_COMMENTS = YES;
				CLANG_WARN_EMPTY_BODY = YES;
				CLANG_WARN_ENUM_CONVERSION = YES;
				CLANG_WARN_INFINITE_RECURSION = YES;
				CLANG_WARN_INT_CONVERSION = YES;
				CLANG_WARN_NON_LITERAL_NULL_CONVERSION = YES;
				CLANG_WARN_OBJC_IMPLICIT_RETAIN_SELF = YES;
				CLANG_WARN_OBJC_LITERAL_CONVERSION = YES;
				CLANG_WARN_OBJC_ROOT_CLASS = YES_ERROR;
				CLANG_WARN_RANGE_LOOP_ANALYSIS = YES;
				CLANG_WARN_STRICT_PROTOTYPES = YES;
				CLANG_WARN_SUSPICIOUS_MOVE = YES;
				CLANG_WARN_UNGUARDED_AVAILABILITY = YES_AGGRESSIVE;
				CLANG_WARN_UNREACHABLE_CODE = YES;
				CLANG_WARN__DUPLICATE_METHOD_MATCH = YES;
				CODE_SIGN_IDENTITY = "iPhone Developer";
				COPY_PHASE_STRIP = NO;
				DEBUG_INFORMATION_FORMAT = "dwarf-with-dsym";
				ENABLE_NS_ASSERTIONS = NO;
				ENABLE_STRICT_OBJC_MSGSEND = YES;
				GCC_C_LANGUAGE_STANDARD = gnu11;
				GCC_NO_COMMON_BLOCKS = YES;
				GCC_WARN_64_TO_32_BIT_CONVERSION = YES;
				GCC_WARN_ABOUT_RETURN_TYPE = YES_ERROR;
				GCC_WARN_UNDECLARED_SELECTOR = YES;
				GCC_WARN_UNINITIALIZED_AUTOS = YES_AGGRESSIVE;
				GCC_WARN_UNUSED_FUNCTION = YES;
				GCC_WARN_UNUSED_VARIABLE = YES;
				IPHONEOS_DEPLOYMENT_TARGET = 11.3;
				MTL_ENABLE_DEBUG_INFO = NO;
				SDKROOT = iphoneos;
				SWIFT_COMPILATION_MODE = wholemodule;
				SWIFT_OPTIMIZATION_LEVEL = "-O";
				VALIDATE_PRODUCT = YES;
			};
			name = Release;
		};
		BE5175AA2111C65600B94392 /* Debug */ = {
			isa = XCBuildConfiguration;
			buildSettings = {
				ASSETCATALOG_COMPILER_APPICON_NAME = AppIcon;
				CODE_SIGN_STYLE = Manual;
				DEVELOPMENT_TEAM = "";
				INFOPLIST_FILE = CustomTabBar/Info.plist;
				IPHONEOS_DEPLOYMENT_TARGET = 11.0;
				LD_RUNPATH_SEARCH_PATHS = (
					"$(inherited)",
					"@executable_path/Frameworks",
				);
				PRODUCT_BUNDLE_IDENTIFIER = com.tabbar;
				PRODUCT_NAME = "$(TARGET_NAME)";
				PROVISIONING_PROFILE_SPECIFIER = "";
				SWIFT_VERSION = 4.0;
				TARGETED_DEVICE_FAMILY = "1,2";
			};
			name = Debug;
		};
		BE5175AB2111C65600B94392 /* Release */ = {
			isa = XCBuildConfiguration;
			buildSettings = {
				ASSETCATALOG_COMPILER_APPICON_NAME = AppIcon;
				CODE_SIGN_STYLE = Manual;
				DEVELOPMENT_TEAM = "";
				INFOPLIST_FILE = CustomTabBar/Info.plist;
				IPHONEOS_DEPLOYMENT_TARGET = 11.0;
				LD_RUNPATH_SEARCH_PATHS = (
					"$(inherited)",
					"@executable_path/Frameworks",
				);
				PRODUCT_BUNDLE_IDENTIFIER = com.tabbar;
				PRODUCT_NAME = "$(TARGET_NAME)";
				PROVISIONING_PROFILE_SPECIFIER = "";
				SWIFT_VERSION = 4.0;
				TARGETED_DEVICE_FAMILY = "1,2";
			};
			name = Release;
		};
/* End XCBuildConfiguration section */

/* Begin XCConfigurationList section */
		BE5175922111C65500B94392 /* Build configuration list for PBXProject "CustomTabBar" */ = {
			isa = XCConfigurationList;
			buildConfigurations = (
				BE5175A72111C65600B94392 /* Debug */,
				BE5175A82111C65600B94392 /* Release */,
			);
			defaultConfigurationIsVisible = 0;
			defaultConfigurationName = Release;
		};
		BE5175A92111C65600B94392 /* Build configuration list for PBXNativeTarget "CustomTabBar" */ = {
			isa = XCConfigurationList;
			buildConfigurations = (
				BE5175AA2111C65600B94392 /* Debug */,
				BE5175AB2111C65600B94392 /* Release */,
			);
			defaultConfigurationIsVisible = 0;
			defaultConfigurationName = Release;
		};
/* End XCConfigurationList section */
	};
	rootObject = BE51758F2111C65500B94392 /* Project object */;
}
